// !$*UTF8*$!
{
	archiveVersion = 1;
	classes = {
	};
	objectVersion = 50;
	objects = {

/* Begin PBXBuildFile section */
		F01564922802172B00D1C0AB /* PropertyLoopable.swift in Sources */ = {isa = PBXBuildFile; fileRef = F01564912802172B00D1C0AB /* PropertyLoopable.swift */; };
		F015649628022C3900D1C0AB /* GameView.swift in Sources */ = {isa = PBXBuildFile; fileRef = F015649528022C3900D1C0AB /* GameView.swift */; };
		F015649928022E3E00D1C0AB /* TryView.swift in Sources */ = {isa = PBXBuildFile; fileRef = F015649828022E3E00D1C0AB /* TryView.swift */; };
		F015649F28022F5800D1C0AB /* Essaie.swift in Sources */ = {isa = PBXBuildFile; fileRef = F015649E28022F5800D1C0AB /* Essaie.swift */; };
		F0280CD728012BBB008B3F7A /* GameTypeData.json in Resources */ = {isa = PBXBuildFile; fileRef = F0280CD628012BBB008B3F7A /* GameTypeData.json */; };
		F0280CDA28012BE7008B3F7A /* GameType.swift in Sources */ = {isa = PBXBuildFile; fileRef = F0280CD928012BE7008B3F7A /* GameType.swift */; };
		F0280CDD28012C07008B3F7A /* ModelData.swift in Sources */ = {isa = PBXBuildFile; fileRef = F0280CDC28012C07008B3F7A /* ModelData.swift */; };
		F0280CE028012C1C008B3F7A /* NewGameView.swift in Sources */ = {isa = PBXBuildFile; fileRef = F0280CDF28012C1C008B3F7A /* NewGameView.swift */; };
		F08D0C1728012A160045F9EE /* mystereApp.swift in Sources */ = {isa = PBXBuildFile; fileRef = F08D0C1628012A160045F9EE /* mystereApp.swift */; };
		F08D0C1928012A160045F9EE /* ContentView.swift in Sources */ = {isa = PBXBuildFile; fileRef = F08D0C1828012A160045F9EE /* ContentView.swift */; };
		F08D0C1B28012A170045F9EE /* Assets.xcassets in Resources */ = {isa = PBXBuildFile; fileRef = F08D0C1A28012A170045F9EE /* Assets.xcassets */; };
		F08D0C1E28012A170045F9EE /* Preview Assets.xcassets in Resources */ = {isa = PBXBuildFile; fileRef = F08D0C1D28012A170045F9EE /* Preview Assets.xcassets */; };
/* End PBXBuildFile section */

/* Begin PBXFileReference section */
		F01564912802172B00D1C0AB /* PropertyLoopable.swift */ = {isa = PBXFileReference; lastKnownFileType = sourcecode.swift; path = PropertyLoopable.swift; sourceTree = "<group>"; };
		F015649528022C3900D1C0AB /* GameView.swift */ = {isa = PBXFileReference; lastKnownFileType = sourcecode.swift; path = GameView.swift; sourceTree = "<group>"; };
		F015649828022E3E00D1C0AB /* TryView.swift */ = {isa = PBXFileReference; lastKnownFileType = sourcecode.swift; path = TryView.swift; sourceTree = "<group>"; };
		F015649E28022F5800D1C0AB /* Essaie.swift */ = {isa = PBXFileReference; lastKnownFileType = sourcecode.swift; path = Essaie.swift; sourceTree = "<group>"; };
		F0280CD628012BBB008B3F7A /* GameTypeData.json */ = {isa = PBXFileReference; lastKnownFileType = text.json; path = GameTypeData.json; sourceTree = "<group>"; };
		F0280CD928012BE7008B3F7A /* GameType.swift */ = {isa = PBXFileReference; lastKnownFileType = sourcecode.swift; path = GameType.swift; sourceTree = "<group>"; };
		F0280CDC28012C07008B3F7A /* ModelData.swift */ = {isa = PBXFileReference; lastKnownFileType = sourcecode.swift; path = ModelData.swift; sourceTree = "<group>"; };
		F0280CDF28012C1C008B3F7A /* NewGameView.swift */ = {isa = PBXFileReference; lastKnownFileType = sourcecode.swift; path = NewGameView.swift; sourceTree = "<group>"; };
		F08D0C1328012A160045F9EE /* mystere.app */ = {isa = PBXFileReference; explicitFileType = wrapper.application; includeInIndex = 0; path = mystere.app; sourceTree = BUILT_PRODUCTS_DIR; };
		F08D0C1628012A160045F9EE /* mystereApp.swift */ = {isa = PBXFileReference; lastKnownFileType = sourcecode.swift; path = mystereApp.swift; sourceTree = "<group>"; };
		F08D0C1828012A160045F9EE /* ContentView.swift */ = {isa = PBXFileReference; lastKnownFileType = sourcecode.swift; path = ContentView.swift; sourceTree = "<group>"; };
		F08D0C1A28012A170045F9EE /* Assets.xcassets */ = {isa = PBXFileReference; lastKnownFileType = folder.assetcatalog; path = Assets.xcassets; sourceTree = "<group>"; };
		F08D0C1D28012A170045F9EE /* Preview Assets.xcassets */ = {isa = PBXFileReference; lastKnownFileType = folder.assetcatalog; path = "Preview Assets.xcassets"; sourceTree = "<group>"; };
		F08D0C1F28012A170045F9EE /* Info.plist */ = {isa = PBXFileReference; lastKnownFileType = text.plist.xml; path = Info.plist; sourceTree = "<group>"; };
/* End PBXFileReference section */

/* Begin PBXFrameworksBuildPhase section */
		F08D0C1028012A160045F9EE /* Frameworks */ = {
			isa = PBXFrameworksBuildPhase;
			buildActionMask = 2147483647;
			files = (
			);
			runOnlyForDeploymentPostprocessing = 0;
		};
/* End PBXFrameworksBuildPhase section */

/* Begin PBXGroup section */
		F015649B28022EF800D1C0AB /* Model */ = {
			isa = PBXGroup;
			children = (
				F0280CDC28012C07008B3F7A /* ModelData.swift */,
				F0280CD928012BE7008B3F7A /* GameType.swift */,
				F015649E28022F5800D1C0AB /* Essaie.swift */,
			);
			path = Model;
			sourceTree = "<group>";
		};
		F015649C28022F1900D1C0AB /* Ressources */ = {
			isa = PBXGroup;
			children = (
				F0280CD628012BBB008B3F7A /* GameTypeData.json */,
			);
			path = Ressources;
			sourceTree = "<group>";
		};
		F015649D28022F2F00D1C0AB /* View */ = {
			isa = PBXGroup;
			children = (
				F08D0C1828012A160045F9EE /* ContentView.swift */,
				F0280CDF28012C1C008B3F7A /* NewGameView.swift */,
				F015649528022C3900D1C0AB /* GameView.swift */,
				F015649828022E3E00D1C0AB /* TryView.swift */,
			);
			path = View;
			sourceTree = "<group>";
		};
		F08D0C0A28012A160045F9EE = {
			isa = PBXGroup;
			children = (
				F08D0C1528012A160045F9EE /* mystere */,
				F08D0C1428012A160045F9EE /* Products */,
			);
			sourceTree = "<group>";
		};
		F08D0C1428012A160045F9EE /* Products */ = {
			isa = PBXGroup;
			children = (
				F08D0C1328012A160045F9EE /* mystere.app */,
			);
			name = Products;
			sourceTree = "<group>";
		};
		F08D0C1528012A160045F9EE /* mystere */ = {
			isa = PBXGroup;
			children = (
				F08D0C1628012A160045F9EE /* mystereApp.swift */,
				F015649C28022F1900D1C0AB /* Ressources */,
				F015649D28022F2F00D1C0AB /* View */,
				F01564912802172B00D1C0AB /* PropertyLoopable.swift */,
				F015649B28022EF800D1C0AB /* Model */,
				F08D0C1A28012A170045F9EE /* Assets.xcassets */,
				F08D0C1F28012A170045F9EE /* Info.plist */,
				F08D0C1C28012A170045F9EE /* Preview Content */,
			);
			path = mystere;
			sourceTree = "<group>";
		};
		F08D0C1C28012A170045F9EE /* Preview Content */ = {
			isa = PBXGroup;
			children = (
				F08D0C1D28012A170045F9EE /* Preview Assets.xcassets */,
			);
			path = "Preview Content";
			sourceTree = "<group>";
		};
/* End PBXGroup section */

/* Begin PBXNativeTarget section */
		F08D0C1228012A160045F9EE /* mystere */ = {
			isa = PBXNativeTarget;
			buildConfigurationList = F08D0C2228012A170045F9EE /* Build configuration list for PBXNativeTarget "mystere" */;
			buildPhases = (
				F08D0C0F28012A160045F9EE /* Sources */,
				F08D0C1028012A160045F9EE /* Frameworks */,
				F08D0C1128012A160045F9EE /* Resources */,
			);
			buildRules = (
			);
			dependencies = (
			);
			name = mystere;
			productName = mystere;
			productReference = F08D0C1328012A160045F9EE /* mystere.app */;
			productType = "com.apple.product-type.application";
		};
/* End PBXNativeTarget section */

/* Begin PBXProject section */
		F08D0C0B28012A160045F9EE /* Project object */ = {
			isa = PBXProject;
			attributes = {
				LastSwiftUpdateCheck = 1240;
				LastUpgradeCheck = 1240;
				TargetAttributes = {
					F08D0C1228012A160045F9EE = {
						CreatedOnToolsVersion = 12.4;
					};
				};
			};
			buildConfigurationList = F08D0C0E28012A160045F9EE /* Build configuration list for PBXProject "mystere" */;
			compatibilityVersion = "Xcode 9.3";
			developmentRegion = en;
			hasScannedForEncodings = 0;
			knownRegions = (
				en,
				Base,
			);
			mainGroup = F08D0C0A28012A160045F9EE;
			productRefGroup = F08D0C1428012A160045F9EE /* Products */;
			projectDirPath = "";
			projectRoot = "";
			targets = (
				F08D0C1228012A160045F9EE /* mystere */,
			);
		};
/* End PBXProject section */

/* Begin PBXResourcesBuildPhase section */
		F08D0C1128012A160045F9EE /* Resources */ = {
			isa = PBXResourcesBuildPhase;
			buildActionMask = 2147483647;
			files = (
				F08D0C1E28012A170045F9EE /* Preview Assets.xcassets in Resources */,
				F0280CD728012BBB008B3F7A /* GameTypeData.json in Resources */,
				F08D0C1B28012A170045F9EE /* Assets.xcassets in Resources */,
			);
			runOnlyForDeploymentPostprocessing = 0;
		};
/* End PBXResourcesBuildPhase section */

/* Begin PBXSourcesBuildPhase section */
		F08D0C0F28012A160045F9EE /* Sources */ = {
			isa = PBXSourcesBuildPhase;
			buildActionMask = 2147483647;
			files = (
				F015649F28022F5800D1C0AB /* Essaie.swift in Sources */,
				F08D0C1928012A160045F9EE /* ContentView.swift in Sources */,
				F0280CE028012C1C008B3F7A /* NewGameView.swift in Sources */,
				F015649928022E3E00D1C0AB /* TryView.swift in Sources */,
				F0280CDD28012C07008B3F7A /* ModelData.swift in Sources */,
				F08D0C1728012A160045F9EE /* mystereApp.swift in Sources */,
				F01564922802172B00D1C0AB /* PropertyLoopable.swift in Sources */,
				F0280CDA28012BE7008B3F7A /* GameType.swift in Sources */,
				F015649628022C3900D1C0AB /* GameView.swift in Sources */,
			);
			runOnlyForDeploymentPostprocessing = 0;
		};
/* End PBXSourcesBuildPhase section */

/* Begin XCBuildConfiguration section */
		F08D0C2028012A170045F9EE /* Debug */ = {
			isa = XCBuildConfiguration;
			buildSettings = {
				ALWAYS_SEARCH_USER_PATHS = NO;
				CLANG_ANALYZER_NONNULL = YES;
				CLANG_ANALYZER_NUMBER_OBJECT_CONVERSION = YES_AGGRESSIVE;
				CLANG_CXX_LANGUAGE_STANDARD = "gnu++14";
				CLANG_CXX_LIBRARY = "libc++";
				CLANG_ENABLE_MODULES = YES;
				CLANG_ENABLE_OBJC_ARC = YES;
				CLANG_ENABLE_OBJC_WEAK = YES;
				CLANG_WARN_BLOCK_CAPTURE_AUTORELEASING = YES;
				CLANG_WARN_BOOL_CONVERSION = YES;
				CLANG_WARN_COMMA = YES;
				CLANG_WARN_CONSTANT_CONVERSION = YES;
				CLANG_WARN_DEPRECATED_OBJC_IMPLEMENTATIONS = YES;
				CLANG_WARN_DIRECT_OBJC_ISA_USAGE = YES_ERROR;
				CLANG_WARN_DOCUMENTATION_COMMENTS = YES;
				CLANG_WARN_EMPTY_BODY = YES;
				CLANG_WARN_ENUM_CONVERSION = YES;
				CLANG_WARN_INFINITE_RECURSION = YES;
				CLANG_WARN_INT_CONVERSION = YES;
				CLANG_WARN_NON_LITERAL_NULL_CONVERSION = YES;
				CLANG_WARN_OBJC_IMPLICIT_RETAIN_SELF = YES;
				CLANG_WARN_OBJC_LITERAL_CONVERSION = YES;
				CLANG_WARN_OBJC_ROOT_CLASS = YES_ERROR;
				CLANG_WARN_QUOTED_INCLUDE_IN_FRAMEWORK_HEADER = YES;
				CLANG_WARN_RANGE_LOOP_ANALYSIS = YES;
				CLANG_WARN_STRICT_PROTOTYPES = YES;
				CLANG_WARN_SUSPICIOUS_MOVE = YES;
				CLANG_WARN_UNGUARDED_AVAILABILITY = YES_AGGRESSIVE;
				CLANG_WARN_UNREACHABLE_CODE = YES;
				CLANG_WARN__DUPLICATE_METHOD_MATCH = YES;
				COPY_PHASE_STRIP = NO;
				DEBUG_INFORMATION_FORMAT = dwarf;
				ENABLE_STRICT_OBJC_MSGSEND = YES;
				ENABLE_TESTABILITY = YES;
				GCC_C_LANGUAGE_STANDARD = gnu11;
				GCC_DYNAMIC_NO_PIC = NO;
				GCC_NO_COMMON_BLOCKS = YES;
				GCC_OPTIMIZATION_LEVEL = 0;
				GCC_PREPROCESSOR_DEFINITIONS = (
					"DEBUG=1",
					"$(inherited)",
				);
				GCC_WARN_64_TO_32_BIT_CONVERSION = YES;
				GCC_WARN_ABOUT_RETURN_TYPE = YES_ERROR;
				GCC_WARN_UNDECLARED_SELECTOR = YES;
				GCC_WARN_UNINITIALIZED_AUTOS = YES_AGGRESSIVE;
				GCC_WARN_UNUSED_FUNCTION = YES;
				GCC_WARN_UNUSED_VARIABLE = YES;
				IPHONEOS_DEPLOYMENT_TARGET = 14.4;
				MTL_ENABLE_DEBUG_INFO = INCLUDE_SOURCE;
				MTL_FAST_MATH = YES;
				ONLY_ACTIVE_ARCH = YES;
				SDKROOT = iphoneos;
				SWIFT_ACTIVE_COMPILATION_CONDITIONS = DEBUG;
				SWIFT_OPTIMIZATION_LEVEL = "-Onone";
			};
			name = Debug;
		};
		F08D0C2128012A170045F9EE /* Release */ = {
			isa = XCBuildConfiguration;
			buildSettings = {
				ALWAYS_SEARCH_USER_PATHS = NO;
				CLANG_ANALYZER_NONNULL = YES;
				CLANG_ANALYZER_NUMBER_OBJECT_CONVERSION = YES_AGGRESSIVE;
				CLANG_CXX_LANGUAGE_STANDARD = "gnu++14";
				CLANG_CXX_LIBRARY = "libc++";
				CLANG_ENABLE_MODULES = YES;
				CLANG_ENABLE_OBJC_ARC = YES;
				CLANG_ENABLE_OBJC_WEAK = YES;
				CLANG_WARN_BLOCK_CAPTURE_AUTORELEASING = YES;
				CLANG_WARN_BOOL_CONVERSION = YES;
				CLANG_WARN_COMMA = YES;
				CLANG_WARN_CONSTANT_CONVERSION = YES;
				CLANG_WARN_DEPRECATED_OBJC_IMPLEMENTATIONS = YES;
				CLANG_WARN_DIRECT_OBJC_ISA_USAGE = YES_ERROR;
				CLANG_WARN_DOCUMENTATION_COMMENTS = YES;
				CLANG_WARN_EMPTY_BODY = YES;
				CLANG_WARN_ENUM_CONVERSION = YES;
				CLANG_WARN_INFINITE_RECURSION = YES;
				CLANG_WARN_INT_CONVERSION = YES;
				CLANG_WARN_NON_LITERAL_NULL_CONVERSION = YES;
				CLANG_WARN_OBJC_IMPLICIT_RETAIN_SELF = YES;
				CLANG_WARN_OBJC_LITERAL_CONVERSION = YES;
				CLANG_WARN_OBJC_ROOT_CLASS = YES_ERROR;
				CLANG_WARN_QUOTED_INCLUDE_IN_FRAMEWORK_HEADER = YES;
				CLANG_WARN_RANGE_LOOP_ANALYSIS = YES;
				CLANG_WARN_STRICT_PROTOTYPES = YES;
				CLANG_WARN_SUSPICIOUS_MOVE = YES;
				CLANG_WARN_UNGUARDED_AVAILABILITY = YES_AGGRESSIVE;
				CLANG_WARN_UNREACHABLE_CODE = YES;
				CLANG_WARN__DUPLICATE_METHOD_MATCH = YES;
				COPY_PHASE_STRIP = NO;
				DEBUG_INFORMATION_FORMAT = "dwarf-with-dsym";
				ENABLE_NS_ASSERTIONS = NO;
				ENABLE_STRICT_OBJC_MSGSEND = YES;
				GCC_C_LANGUAGE_STANDARD = gnu11;
				GCC_NO_COMMON_BLOCKS = YES;
				GCC_WARN_64_TO_32_BIT_CONVERSION = YES;
				GCC_WARN_ABOUT_RETURN_TYPE = YES_ERROR;
				GCC_WARN_UNDECLARED_SELECTOR = YES;
				GCC_WARN_UNINITIALIZED_AUTOS = YES_AGGRESSIVE;
				GCC_WARN_UNUSED_FUNCTION = YES;
				GCC_WARN_UNUSED_VARIABLE = YES;
				IPHONEOS_DEPLOYMENT_TARGET = 14.4;
				MTL_ENABLE_DEBUG_INFO = NO;
				MTL_FAST_MATH = YES;
				SDKROOT = iphoneos;
				SWIFT_COMPILATION_MODE = wholemodule;
				SWIFT_OPTIMIZATION_LEVEL = "-O";
				VALIDATE_PRODUCT = YES;
			};
			name = Release;
		};
		F08D0C2328012A170045F9EE /* Debug */ = {
			isa = XCBuildConfiguration;
			buildSettings = {
				ASSETCATALOG_COMPILER_APPICON_NAME = AppIcon;
				ASSETCATALOG_COMPILER_GLOBAL_ACCENT_COLOR_NAME = AccentColor;
				CODE_SIGN_STYLE = Automatic;
				DEVELOPMENT_ASSET_PATHS = "\"mystere/Preview Content\"";
				ENABLE_PREVIEWS = YES;
				INFOPLIST_FILE = mystere/Info.plist;
				IPHONEOS_DEPLOYMENT_TARGET = 14.0;
				LD_RUNPATH_SEARCH_PATHS = (
					"$(inherited)",
					"@executable_path/Frameworks",
				);
				PRODUCT_BUNDLE_IDENTIFIER = ca.philrousse.mystere;
				PRODUCT_NAME = "$(TARGET_NAME)";
				SWIFT_VERSION = 5.0;
				TARGETED_DEVICE_FAMILY = "1,2";
			};
			name = Debug;
		};
		F08D0C2428012A170045F9EE /* Release */ = {
			isa = XCBuildConfiguration;
			buildSettings = {
				ASSETCATALOG_COMPILER_APPICON_NAME = AppIcon;
				ASSETCATALOG_COMPILER_GLOBAL_ACCENT_COLOR_NAME = AccentColor;
				CODE_SIGN_STYLE = Automatic;
				DEVELOPMENT_ASSET_PATHS = "\"mystere/Preview Content\"";
				ENABLE_PREVIEWS = YES;
				INFOPLIST_FILE = mystere/Info.plist;
				IPHONEOS_DEPLOYMENT_TARGET = 14.0;
				LD_RUNPATH_SEARCH_PATHS = (
					"$(inherited)",
					"@executable_path/Frameworks",
				);
				PRODUCT_BUNDLE_IDENTIFIER = ca.philrousse.mystere;
				PRODUCT_NAME = "$(TARGET_NAME)";
				SWIFT_VERSION = 5.0;
				TARGETED_DEVICE_FAMILY = "1,2";
			};
			name = Release;
		};
/* End XCBuildConfiguration section */

/* Begin XCConfigurationList section */
		F08D0C0E28012A160045F9EE /* Build configuration list for PBXProject "mystere" */ = {
			isa = XCConfigurationList;
			buildConfigurations = (
				F08D0C2028012A170045F9EE /* Debug */,
				F08D0C2128012A170045F9EE /* Release */,
			);
			defaultConfigurationIsVisible = 0;
			defaultConfigurationName = Release;
		};
		F08D0C2228012A170045F9EE /* Build configuration list for PBXNativeTarget "mystere" */ = {
			isa = XCConfigurationList;
			buildConfigurations = (
				F08D0C2328012A170045F9EE /* Debug */,
				F08D0C2428012A170045F9EE /* Release */,
			);
			defaultConfigurationIsVisible = 0;
			defaultConfigurationName = Release;
		};
/* End XCConfigurationList section */
	};
	rootObject = F08D0C0B28012A160045F9EE /* Project object */;
}
